PODS:
  - Argon2Swift (1.0.2)
  - dargon2_flutter_desktop (0.0.1):
    - Argon2Swift
    - FlutterMacOS
  - FlutterMacOS (1.0.0)

DEPENDENCIES:
  - dargon2_flutter_desktop (from `Flutter/ephemeral/.symlinks/plugins/dargon2_flutter_desktop/macos`)
  - FlutterMacOS (from `Flutter/ephemeral`)

SPEC REPOS:
  trunk:
    - Argon2Swift

EXTERNAL SOURCES:
  dargon2_flutter_desktop:
    :path: Flutter/ephemeral/.symlinks/plugins/dargon2_flutter_desktop/macos
  FlutterMacOS:
    :path: Flutter/ephemeral

SPEC CHECKSUMS:
  Argon2Swift: 370c9687875b4a2365ecb7de06ea5ea0c46e7504
  dargon2_flutter_desktop: 5c9ada7e2681da7dc95052e4fcc1e61ad17e27e1
  FlutterMacOS: 57701585bf7de1b3fc2bb61f6378d73bbdea8424

PODFILE CHECKSUM: 6eac6b3292e5142cfc23bdeb71848a40ec51c14c

COCOAPODS: 1.11.2
